// !$*UTF8*$!
{
	archiveVersion = 1;
	classes = {
	};
	objectVersion = 46;
	objects = {

/* Begin PBXBuildFile section */
		4E77FBAC1BD7256100054809 /* olvaluebase.cpp in Sources */ = {isa = PBXBuildFile; fileRef = 4E77FBAA1BD7256100054809 /* olvaluebase.cpp */; settings = {ASSET_TAGS = (); }; };
		4E873D851A54422600CDC7B1 /* olsource.cpp in Sources */ = {isa = PBXBuildFile; fileRef = 4E873D831A54422600CDC7B1 /* olsource.cpp */; };
		4E873DD61A5AD7AB00CDC7B1 /* olfunction.cpp in Sources */ = {isa = PBXBuildFile; fileRef = 4E873DD41A5AD7AB00CDC7B1 /* olfunction.cpp */; };
		4EBA3CD01A5392BF008D7840 /* main.cpp in Sources */ = {isa = PBXBuildFile; fileRef = 4EBA3CCF1A5392BF008D7840 /* main.cpp */; };
		4EBA3CD81A5392F1008D7840 /* olvalue.cpp in Sources */ = {isa = PBXBuildFile; fileRef = 4EBA3CD61A5392F1008D7840 /* olvalue.cpp */; };
		4EBA3CDB1A539603008D7840 /* oljson.cpp in Sources */ = {isa = PBXBuildFile; fileRef = 4EBA3CD91A539603008D7840 /* oljson.cpp */; };
/* End PBXBuildFile section */

/* Begin PBXCopyFilesBuildPhase section */
		4EBA3CCA1A5392BF008D7840 /* CopyFiles */ = {
			isa = PBXCopyFilesBuildPhase;
			buildActionMask = 2147483647;
			dstPath = /usr/share/man/man1/;
			dstSubfolderSpec = 0;
			files = (
			);
			runOnlyForDeploymentPostprocessing = 1;
		};
/* End PBXCopyFilesBuildPhase section */

/* Begin PBXFileReference section */
		4E77FBAA1BD7256100054809 /* olvaluebase.cpp */ = {isa = PBXFileReference; fileEncoding = 4; lastKnownFileType = sourcecode.cpp.cpp; path = olvaluebase.cpp; sourceTree = "<group>"; };
		4E77FBAB1BD7256100054809 /* olvaluebase.h */ = {isa = PBXFileReference; fileEncoding = 4; lastKnownFileType = sourcecode.c.h; path = olvaluebase.h; sourceTree = "<group>"; };
		4E873D831A54422600CDC7B1 /* olsource.cpp */ = {isa = PBXFileReference; fileEncoding = 4; lastKnownFileType = sourcecode.cpp.cpp; path = olsource.cpp; sourceTree = "<group>"; };
		4E873D841A54422600CDC7B1 /* olsource.h */ = {isa = PBXFileReference; fileEncoding = 4; lastKnownFileType = sourcecode.c.h; path = olsource.h; sourceTree = "<group>"; };
		4E873DD41A5AD7AB00CDC7B1 /* olfunction.cpp */ = {isa = PBXFileReference; fileEncoding = 4; lastKnownFileType = sourcecode.cpp.cpp; path = olfunction.cpp; sourceTree = "<group>"; };
		4E873DD51A5AD7AB00CDC7B1 /* olfunction.h */ = {isa = PBXFileReference; fileEncoding = 4; lastKnownFileType = sourcecode.c.h; path = olfunction.h; sourceTree = "<group>"; };
		4EBA3CCC1A5392BF008D7840 /* ol-cpp */ = {isa = PBXFileReference; explicitFileType = "compiled.mach-o.executable"; includeInIndex = 0; path = "ol-cpp"; sourceTree = BUILT_PRODUCTS_DIR; };
		4EBA3CCF1A5392BF008D7840 /* main.cpp */ = {isa = PBXFileReference; lastKnownFileType = sourcecode.cpp.cpp; path = main.cpp; sourceTree = "<group>"; };
		4EBA3CD61A5392F1008D7840 /* olvalue.cpp */ = {isa = PBXFileReference; fileEncoding = 4; lastKnownFileType = sourcecode.cpp.cpp; path = olvalue.cpp; sourceTree = "<group>"; };
		4EBA3CD71A5392F1008D7840 /* olvalue.h */ = {isa = PBXFileReference; fileEncoding = 4; lastKnownFileType = sourcecode.c.h; path = olvalue.h; sourceTree = "<group>"; };
		4EBA3CD91A539603008D7840 /* oljson.cpp */ = {isa = PBXFileReference; fileEncoding = 4; lastKnownFileType = sourcecode.cpp.cpp; path = oljson.cpp; sourceTree = "<group>"; };
		4EBA3CDA1A539603008D7840 /* oljson.h */ = {isa = PBXFileReference; fileEncoding = 4; lastKnownFileType = sourcecode.c.h; path = oljson.h; sourceTree = "<group>"; };
		4EBA3CDD1A592293008D7840 /* olbuffer.h */ = {isa = PBXFileReference; fileEncoding = 4; lastKnownFileType = sourcecode.c.h; path = olbuffer.h; sourceTree = "<group>"; };
/* End PBXFileReference section */

/* Begin PBXFrameworksBuildPhase section */
		4EBA3CC91A5392BF008D7840 /* Frameworks */ = {
			isa = PBXFrameworksBuildPhase;
			buildActionMask = 2147483647;
			files = (
			);
			runOnlyForDeploymentPostprocessing = 0;
		};
/* End PBXFrameworksBuildPhase section */

/* Begin PBXGroup section */
		4EBA3CC31A5392BF008D7840 = {
			isa = PBXGroup;
			children = (
				4EBA3CCE1A5392BF008D7840 /* ol-cpp */,
				4EBA3CCD1A5392BF008D7840 /* Products */,
			);
			sourceTree = "<group>";
		};
		4EBA3CCD1A5392BF008D7840 /* Products */ = {
			isa = PBXGroup;
			children = (
				4EBA3CCC1A5392BF008D7840 /* ol-cpp */,
			);
			name = Products;
			sourceTree = "<group>";
		};
		4EBA3CCE1A5392BF008D7840 /* ol-cpp */ = {
			isa = PBXGroup;
			children = (
				4EBA3CCF1A5392BF008D7840 /* main.cpp */,
				4EBA3CD61A5392F1008D7840 /* olvalue.cpp */,
				4EBA3CD71A5392F1008D7840 /* olvalue.h */,
				4EBA3CD91A539603008D7840 /* oljson.cpp */,
				4EBA3CDA1A539603008D7840 /* oljson.h */,
				4E873D831A54422600CDC7B1 /* olsource.cpp */,
				4E873D841A54422600CDC7B1 /* olsource.h */,
				4E873DD41A5AD7AB00CDC7B1 /* olfunction.cpp */,
				4E873DD51A5AD7AB00CDC7B1 /* olfunction.h */,
				4EBA3CDD1A592293008D7840 /* olbuffer.h */,
				4E77FBAA1BD7256100054809 /* olvaluebase.cpp */,
				4E77FBAB1BD7256100054809 /* olvaluebase.h */,
			);
			path = "ol-cpp";
			sourceTree = "<group>";
		};
/* End PBXGroup section */

/* Begin PBXNativeTarget section */
		4EBA3CCB1A5392BF008D7840 /* ol-cpp */ = {
			isa = PBXNativeTarget;
			buildConfigurationList = 4EBA3CD31A5392BF008D7840 /* Build configuration list for PBXNativeTarget "ol-cpp" */;
			buildPhases = (
				4EBA3CC81A5392BF008D7840 /* Sources */,
				4EBA3CC91A5392BF008D7840 /* Frameworks */,
				4EBA3CCA1A5392BF008D7840 /* CopyFiles */,
			);
			buildRules = (
			);
			dependencies = (
			);
			name = "ol-cpp";
			productName = "ol-cpp";
			productReference = 4EBA3CCC1A5392BF008D7840 /* ol-cpp */;
			productType = "com.apple.product-type.tool";
		};
/* End PBXNativeTarget section */

/* Begin PBXProject section */
		4EBA3CC41A5392BF008D7840 /* Project object */ = {
			isa = PBXProject;
			attributes = {
				LastUpgradeCheck = 0610;
				ORGANIZATIONNAME = sleepsaint;
				TargetAttributes = {
					4EBA3CCB1A5392BF008D7840 = {
						CreatedOnToolsVersion = 6.1.1;
					};
				};
			};
			buildConfigurationList = 4EBA3CC71A5392BF008D7840 /* Build configuration list for PBXProject "ol-cpp" */;
			compatibilityVersion = "Xcode 3.2";
			developmentRegion = English;
			hasScannedForEncodings = 0;
			knownRegions = (
				en,
			);
			mainGroup = 4EBA3CC31A5392BF008D7840;
			productRefGroup = 4EBA3CCD1A5392BF008D7840 /* Products */;
			projectDirPath = "";
			projectRoot = "";
			targets = (
				4EBA3CCB1A5392BF008D7840 /* ol-cpp */,
			);
		};
/* End PBXProject section */

/* Begin PBXSourcesBuildPhase section */
		4EBA3CC81A5392BF008D7840 /* Sources */ = {
			isa = PBXSourcesBuildPhase;
			buildActionMask = 2147483647;
			files = (
				4EBA3CDB1A539603008D7840 /* oljson.cpp in Sources */,
				4E873D851A54422600CDC7B1 /* olsource.cpp in Sources */,
				4EBA3CD81A5392F1008D7840 /* olvalue.cpp in Sources */,
				4EBA3CD01A5392BF008D7840 /* main.cpp in Sources */,
				4E873DD61A5AD7AB00CDC7B1 /* olfunction.cpp in Sources */,
				4E77FBAC1BD7256100054809 /* olvaluebase.cpp in Sources */,
			);
			runOnlyForDeploymentPostprocessing = 0;
		};
/* End PBXSourcesBuildPhase section */

/* Begin XCBuildConfiguration section */
		4EBA3CD11A5392BF008D7840 /* Debug */ = {
			isa = XCBuildConfiguration;
			buildSettings = {
				ALWAYS_SEARCH_USER_PATHS = NO;
				CLANG_CXX_LANGUAGE_STANDARD = "gnu++0x";
				CLANG_CXX_LIBRARY = "libc++";
				CLANG_ENABLE_MODULES = YES;
				CLANG_ENABLE_OBJC_ARC = YES;
				CLANG_WARN_BOOL_CONVERSION = YES;
				CLANG_WARN_CONSTANT_CONVERSION = YES;
				CLANG_WARN_DIRECT_OBJC_ISA_USAGE = YES_ERROR;
				CLANG_WARN_EMPTY_BODY = YES;
				CLANG_WARN_ENUM_CONVERSION = YES;
				CLANG_WARN_INT_CONVERSION = YES;
				CLANG_WARN_OBJC_ROOT_CLASS = YES_ERROR;
				CLANG_WARN_UNREACHABLE_CODE = YES;
				CLANG_WARN__DUPLICATE_METHOD_MATCH = YES;
				COPY_PHASE_STRIP = NO;
				ENABLE_STRICT_OBJC_MSGSEND = YES;
				GCC_C_LANGUAGE_STANDARD = gnu99;
				GCC_DYNAMIC_NO_PIC = NO;
				GCC_OPTIMIZATION_LEVEL = 0;
				GCC_PREPROCESSOR_DEFINITIONS = (
					"DEBUG=1",
					"$(inherited)",
				);
				GCC_SYMBOLS_PRIVATE_EXTERN = NO;
				GCC_WARN_64_TO_32_BIT_CONVERSION = YES;
				GCC_WARN_ABOUT_RETURN_TYPE = YES_ERROR;
				GCC_WARN_UNDECLARED_SELECTOR = YES;
				GCC_WARN_UNINITIALIZED_AUTOS = YES_AGGRESSIVE;
				GCC_WARN_UNUSED_FUNCTION = YES;
				GCC_WARN_UNUSED_VARIABLE = YES;
				MACOSX_DEPLOYMENT_TARGET = 10.10;
				MTL_ENABLE_DEBUG_INFO = YES;
				ONLY_ACTIVE_ARCH = YES;
				SDKROOT = macosx;
			};
			name = Debug;
		};
		4EBA3CD21A5392BF008D7840 /* Release */ = {
			isa = XCBuildConfiguration;
			buildSettings = {
				ALWAYS_SEARCH_USER_PATHS = NO;
				CLANG_CXX_LANGUAGE_STANDARD = "gnu++0x";
				CLANG_CXX_LIBRARY = "libc++";
				CLANG_ENABLE_MODULES = YES;
				CLANG_ENABLE_OBJC_ARC = YES;
				CLANG_WARN_BOOL_CONVERSION = YES;
				CLANG_WARN_CONSTANT_CONVERSION = YES;
				CLANG_WARN_DIRECT_OBJC_ISA_USAGE = YES_ERROR;
				CLANG_WARN_EMPTY_BODY = YES;
				CLANG_WARN_ENUM_CONVERSION = YES;
				CLANG_WARN_INT_CONVERSION = YES;
				CLANG_WARN_OBJC_ROOT_CLASS = YES_ERROR;
				CLANG_WARN_UNREACHABLE_CODE = YES;
				CLANG_WARN__DUPLICATE_METHOD_MATCH = YES;
				COPY_PHASE_STRIP = YES;
				DEBUG_INFORMATION_FORMAT = "dwarf-with-dsym";
				ENABLE_NS_ASSERTIONS = NO;
				ENABLE_STRICT_OBJC_MSGSEND = YES;
				GCC_C_LANGUAGE_STANDARD = gnu99;
				GCC_WARN_64_TO_32_BIT_CONVERSION = YES;
				GCC_WARN_ABOUT_RETURN_TYPE = YES_ERROR;
				GCC_WARN_UNDECLARED_SELECTOR = YES;
				GCC_WARN_UNINITIALIZED_AUTOS = YES_AGGRESSIVE;
				GCC_WARN_UNUSED_FUNCTION = YES;
				GCC_WARN_UNUSED_VARIABLE = YES;
				MACOSX_DEPLOYMENT_TARGET = 10.10;
				MTL_ENABLE_DEBUG_INFO = NO;
				SDKROOT = macosx;
			};
			name = Release;
		};
		4EBA3CD41A5392BF008D7840 /* Debug */ = {
			isa = XCBuildConfiguration;
			buildSettings = {
				PRODUCT_NAME = "$(TARGET_NAME)";
			};
			name = Debug;
		};
		4EBA3CD51A5392BF008D7840 /* Release */ = {
			isa = XCBuildConfiguration;
			buildSettings = {
				PRODUCT_NAME = "$(TARGET_NAME)";
			};
			name = Release;
		};
/* End XCBuildConfiguration section */

/* Begin XCConfigurationList section */
		4EBA3CC71A5392BF008D7840 /* Build configuration list for PBXProject "ol-cpp" */ = {
			isa = XCConfigurationList;
			buildConfigurations = (
				4EBA3CD11A5392BF008D7840 /* Debug */,
				4EBA3CD21A5392BF008D7840 /* Release */,
			);
			defaultConfigurationIsVisible = 0;
			defaultConfigurationName = Release;
		};
		4EBA3CD31A5392BF008D7840 /* Build configuration list for PBXNativeTarget "ol-cpp" */ = {
			isa = XCConfigurationList;
			buildConfigurations = (
				4EBA3CD41A5392BF008D7840 /* Debug */,
				4EBA3CD51A5392BF008D7840 /* Release */,
			);
			defaultConfigurationIsVisible = 0;
			defaultConfigurationName = Release;
		};
/* End XCConfigurationList section */
	};
	rootObject = 4EBA3CC41A5392BF008D7840 /* Project object */;
}
