// !$*UTF8*$!
{
	archiveVersion = 1;
	classes = {
	};
	objectVersion = 46;
	objects = {

/* Begin PBXBuildFile section */
		4E09B3581A5D65B60085474F /* main.m in Sources */ = {isa = PBXBuildFile; fileRef = 4E09B3571A5D65B60085474F /* main.m */; };
		4E09B3601A5D663D0085474F /* OLSource.m in Sources */ = {isa = PBXBuildFile; fileRef = 4E09B35F1A5D663D0085474F /* OLSource.m */; };
		4E09B3631A5D66580085474F /* OLSourceValue.m in Sources */ = {isa = PBXBuildFile; fileRef = 4E09B3621A5D66580085474F /* OLSourceValue.m */; };
		4E09B3661A5D731A0085474F /* OLBuffer.m in Sources */ = {isa = PBXBuildFile; fileRef = 4E09B3651A5D731A0085474F /* OLBuffer.m */; };
/* End PBXBuildFile section */

/* Begin PBXCopyFilesBuildPhase section */
		4E09B3521A5D65B60085474F /* CopyFiles */ = {
			isa = PBXCopyFilesBuildPhase;
			buildActionMask = 2147483647;
			dstPath = /usr/share/man/man1/;
			dstSubfolderSpec = 0;
			files = (
			);
			runOnlyForDeploymentPostprocessing = 1;
		};
/* End PBXCopyFilesBuildPhase section */

/* Begin PBXFileReference section */
		4E09B3541A5D65B60085474F /* ol-objc */ = {isa = PBXFileReference; explicitFileType = "compiled.mach-o.executable"; includeInIndex = 0; path = "ol-objc"; sourceTree = BUILT_PRODUCTS_DIR; };
		4E09B3571A5D65B60085474F /* main.m */ = {isa = PBXFileReference; lastKnownFileType = sourcecode.c.objc; path = main.m; sourceTree = "<group>"; };
		4E09B35E1A5D663D0085474F /* OLSource.h */ = {isa = PBXFileReference; fileEncoding = 4; lastKnownFileType = sourcecode.c.h; path = OLSource.h; sourceTree = "<group>"; };
		4E09B35F1A5D663D0085474F /* OLSource.m */ = {isa = PBXFileReference; fileEncoding = 4; lastKnownFileType = sourcecode.c.objc; path = OLSource.m; sourceTree = "<group>"; };
		4E09B3611A5D66580085474F /* OLSourceValue.h */ = {isa = PBXFileReference; fileEncoding = 4; lastKnownFileType = sourcecode.c.h; path = OLSourceValue.h; sourceTree = "<group>"; };
		4E09B3621A5D66580085474F /* OLSourceValue.m */ = {isa = PBXFileReference; fileEncoding = 4; lastKnownFileType = sourcecode.c.objc; path = OLSourceValue.m; sourceTree = "<group>"; };
		4E09B3641A5D731A0085474F /* OLBuffer.h */ = {isa = PBXFileReference; fileEncoding = 4; lastKnownFileType = sourcecode.c.h; path = OLBuffer.h; sourceTree = "<group>"; };
		4E09B3651A5D731A0085474F /* OLBuffer.m */ = {isa = PBXFileReference; fileEncoding = 4; lastKnownFileType = sourcecode.c.objc; path = OLBuffer.m; sourceTree = "<group>"; };
		4E09B3671A5E0BE20085474F /* OLValue.h */ = {isa = PBXFileReference; fileEncoding = 4; lastKnownFileType = sourcecode.c.h; path = OLValue.h; sourceTree = "<group>"; };
/* End PBXFileReference section */

/* Begin PBXFrameworksBuildPhase section */
		4E09B3511A5D65B60085474F /* Frameworks */ = {
			isa = PBXFrameworksBuildPhase;
			buildActionMask = 2147483647;
			files = (
			);
			runOnlyForDeploymentPostprocessing = 0;
		};
/* End PBXFrameworksBuildPhase section */

/* Begin PBXGroup section */
		4E09B34B1A5D65B60085474F = {
			isa = PBXGroup;
			children = (
				4E09B3561A5D65B60085474F /* ol-objc */,
				4E09B3551A5D65B60085474F /* Products */,
			);
			sourceTree = "<group>";
		};
		4E09B3551A5D65B60085474F /* Products */ = {
			isa = PBXGroup;
			children = (
				4E09B3541A5D65B60085474F /* ol-objc */,
			);
			name = Products;
			sourceTree = "<group>";
		};
		4E09B3561A5D65B60085474F /* ol-objc */ = {
			isa = PBXGroup;
			children = (
				4E09B3571A5D65B60085474F /* main.m */,
				4E09B35E1A5D663D0085474F /* OLSource.h */,
				4E09B35F1A5D663D0085474F /* OLSource.m */,
				4E09B3611A5D66580085474F /* OLSourceValue.h */,
				4E09B3621A5D66580085474F /* OLSourceValue.m */,
				4E09B3641A5D731A0085474F /* OLBuffer.h */,
				4E09B3651A5D731A0085474F /* OLBuffer.m */,
				4E09B3671A5E0BE20085474F /* OLValue.h */,
			);
			path = "ol-objc";
			sourceTree = "<group>";
		};
/* End PBXGroup section */

/* Begin PBXNativeTarget section */
		4E09B3531A5D65B60085474F /* ol-objc */ = {
			isa = PBXNativeTarget;
			buildConfigurationList = 4E09B35B1A5D65B60085474F /* Build configuration list for PBXNativeTarget "ol-objc" */;
			buildPhases = (
				4E09B3501A5D65B60085474F /* Sources */,
				4E09B3511A5D65B60085474F /* Frameworks */,
				4E09B3521A5D65B60085474F /* CopyFiles */,
			);
			buildRules = (
			);
			dependencies = (
			);
			name = "ol-objc";
			productName = "ol-objc";
			productReference = 4E09B3541A5D65B60085474F /* ol-objc */;
			productType = "com.apple.product-type.tool";
		};
/* End PBXNativeTarget section */

/* Begin PBXProject section */
		4E09B34C1A5D65B60085474F /* Project object */ = {
			isa = PBXProject;
			attributes = {
				LastUpgradeCheck = 0610;
				ORGANIZATIONNAME = sleepsaint;
				TargetAttributes = {
					4E09B3531A5D65B60085474F = {
						CreatedOnToolsVersion = 6.1.1;
					};
				};
			};
			buildConfigurationList = 4E09B34F1A5D65B60085474F /* Build configuration list for PBXProject "ol-objc" */;
			compatibilityVersion = "Xcode 3.2";
			developmentRegion = English;
			hasScannedForEncodings = 0;
			knownRegions = (
				en,
			);
			mainGroup = 4E09B34B1A5D65B60085474F;
			productRefGroup = 4E09B3551A5D65B60085474F /* Products */;
			projectDirPath = "";
			projectRoot = "";
			targets = (
				4E09B3531A5D65B60085474F /* ol-objc */,
			);
		};
/* End PBXProject section */

/* Begin PBXSourcesBuildPhase section */
		4E09B3501A5D65B60085474F /* Sources */ = {
			isa = PBXSourcesBuildPhase;
			buildActionMask = 2147483647;
			files = (
				4E09B3631A5D66580085474F /* OLSourceValue.m in Sources */,
				4E09B3581A5D65B60085474F /* main.m in Sources */,
				4E09B3661A5D731A0085474F /* OLBuffer.m in Sources */,
				4E09B3601A5D663D0085474F /* OLSource.m in Sources */,
			);
			runOnlyForDeploymentPostprocessing = 0;
		};
/* End PBXSourcesBuildPhase section */

/* Begin XCBuildConfiguration section */
		4E09B3591A5D65B60085474F /* Debug */ = {
			isa = XCBuildConfiguration;
			buildSettings = {
				ALWAYS_SEARCH_USER_PATHS = NO;
				CLANG_CXX_LANGUAGE_STANDARD = "gnu++0x";
				CLANG_CXX_LIBRARY = "libc++";
				CLANG_ENABLE_MODULES = YES;
				CLANG_ENABLE_OBJC_ARC = YES;
				CLANG_WARN_BOOL_CONVERSION = YES;
				CLANG_WARN_CONSTANT_CONVERSION = YES;
				CLANG_WARN_DIRECT_OBJC_ISA_USAGE = YES_ERROR;
				CLANG_WARN_EMPTY_BODY = YES;
				CLANG_WARN_ENUM_CONVERSION = YES;
				CLANG_WARN_INT_CONVERSION = YES;
				CLANG_WARN_OBJC_ROOT_CLASS = YES_ERROR;
				CLANG_WARN_UNREACHABLE_CODE = YES;
				CLANG_WARN__DUPLICATE_METHOD_MATCH = YES;
				COPY_PHASE_STRIP = NO;
				ENABLE_STRICT_OBJC_MSGSEND = YES;
				GCC_C_LANGUAGE_STANDARD = gnu99;
				GCC_DYNAMIC_NO_PIC = NO;
				GCC_OPTIMIZATION_LEVEL = 0;
				GCC_PREPROCESSOR_DEFINITIONS = (
					"DEBUG=1",
					"$(inherited)",
				);
				GCC_SYMBOLS_PRIVATE_EXTERN = NO;
				GCC_WARN_64_TO_32_BIT_CONVERSION = YES;
				GCC_WARN_ABOUT_RETURN_TYPE = YES_ERROR;
				GCC_WARN_UNDECLARED_SELECTOR = YES;
				GCC_WARN_UNINITIALIZED_AUTOS = YES_AGGRESSIVE;
				GCC_WARN_UNUSED_FUNCTION = YES;
				GCC_WARN_UNUSED_VARIABLE = YES;
				MACOSX_DEPLOYMENT_TARGET = 10.10;
				MTL_ENABLE_DEBUG_INFO = YES;
				ONLY_ACTIVE_ARCH = YES;
				SDKROOT = macosx;
			};
			name = Debug;
		};
		4E09B35A1A5D65B60085474F /* Release */ = {
			isa = XCBuildConfiguration;
			buildSettings = {
				ALWAYS_SEARCH_USER_PATHS = NO;
				CLANG_CXX_LANGUAGE_STANDARD = "gnu++0x";
				CLANG_CXX_LIBRARY = "libc++";
				CLANG_ENABLE_MODULES = YES;
				CLANG_ENABLE_OBJC_ARC = YES;
				CLANG_WARN_BOOL_CONVERSION = YES;
				CLANG_WARN_CONSTANT_CONVERSION = YES;
				CLANG_WARN_DIRECT_OBJC_ISA_USAGE = YES_ERROR;
				CLANG_WARN_EMPTY_BODY = YES;
				CLANG_WARN_ENUM_CONVERSION = YES;
				CLANG_WARN_INT_CONVERSION = YES;
				CLANG_WARN_OBJC_ROOT_CLASS = YES_ERROR;
				CLANG_WARN_UNREACHABLE_CODE = YES;
				CLANG_WARN__DUPLICATE_METHOD_MATCH = YES;
				COPY_PHASE_STRIP = YES;
				DEBUG_INFORMATION_FORMAT = "dwarf-with-dsym";
				ENABLE_NS_ASSERTIONS = NO;
				ENABLE_STRICT_OBJC_MSGSEND = YES;
				GCC_C_LANGUAGE_STANDARD = gnu99;
				GCC_WARN_64_TO_32_BIT_CONVERSION = YES;
				GCC_WARN_ABOUT_RETURN_TYPE = YES_ERROR;
				GCC_WARN_UNDECLARED_SELECTOR = YES;
				GCC_WARN_UNINITIALIZED_AUTOS = YES_AGGRESSIVE;
				GCC_WARN_UNUSED_FUNCTION = YES;
				GCC_WARN_UNUSED_VARIABLE = YES;
				MACOSX_DEPLOYMENT_TARGET = 10.10;
				MTL_ENABLE_DEBUG_INFO = NO;
				SDKROOT = macosx;
			};
			name = Release;
		};
		4E09B35C1A5D65B60085474F /* Debug */ = {
			isa = XCBuildConfiguration;
			buildSettings = {
				PRODUCT_NAME = "$(TARGET_NAME)";
			};
			name = Debug;
		};
		4E09B35D1A5D65B60085474F /* Release */ = {
			isa = XCBuildConfiguration;
			buildSettings = {
				PRODUCT_NAME = "$(TARGET_NAME)";
			};
			name = Release;
		};
/* End XCBuildConfiguration section */

/* Begin XCConfigurationList section */
		4E09B34F1A5D65B60085474F /* Build configuration list for PBXProject "ol-objc" */ = {
			isa = XCConfigurationList;
			buildConfigurations = (
				4E09B3591A5D65B60085474F /* Debug */,
				4E09B35A1A5D65B60085474F /* Release */,
			);
			defaultConfigurationIsVisible = 0;
			defaultConfigurationName = Release;
		};
		4E09B35B1A5D65B60085474F /* Build configuration list for PBXNativeTarget "ol-objc" */ = {
			isa = XCConfigurationList;
			buildConfigurations = (
				4E09B35C1A5D65B60085474F /* Debug */,
				4E09B35D1A5D65B60085474F /* Release */,
			);
			defaultConfigurationIsVisible = 0;
			defaultConfigurationName = Release;
		};
/* End XCConfigurationList section */
	};
	rootObject = 4E09B34C1A5D65B60085474F /* Project object */;
}
